// !$*UTF8*$!
{
	archiveVersion = 1;
	classes = {
	};
	objectVersion = 46;
	objects = {

/* Begin PBXBuildFile section */
		60B8258018C86A840052C3D2 /* Foundation.framework in Frameworks */ = {isa = PBXBuildFile; fileRef = 60B8257F18C86A840052C3D2 /* Foundation.framework */; };
		60B8258218C86A840052C3D2 /* CoreGraphics.framework in Frameworks */ = {isa = PBXBuildFile; fileRef = 60B8258118C86A840052C3D2 /* CoreGraphics.framework */; };
		60B8258418C86A840052C3D2 /* UIKit.framework in Frameworks */ = {isa = PBXBuildFile; fileRef = 60B8258318C86A840052C3D2 /* UIKit.framework */; };
		60B8258A18C86A840052C3D2 /* InfoPlist.strings in Resources */ = {isa = PBXBuildFile; fileRef = 60B8258818C86A840052C3D2 /* InfoPlist.strings */; };
		60B8258C18C86A840052C3D2 /* main.m in Sources */ = {isa = PBXBuildFile; fileRef = 60B8258B18C86A840052C3D2 /* main.m */; };
		60B8259018C86A840052C3D2 /* PNKAppDelegate.m in Sources */ = {isa = PBXBuildFile; fileRef = 60B8258F18C86A840052C3D2 /* PNKAppDelegate.m */; };
		60B8259318C86A840052C3D2 /* Main.storyboard in Resources */ = {isa = PBXBuildFile; fileRef = 60B8259118C86A840052C3D2 /* Main.storyboard */; };
		60B8259618C86A840052C3D2 /* PNKViewController.m in Sources */ = {isa = PBXBuildFile; fileRef = 60B8259518C86A840052C3D2 /* PNKViewController.m */; };
		60B8259818C86A840052C3D2 /* Images.xcassets in Resources */ = {isa = PBXBuildFile; fileRef = 60B8259718C86A840052C3D2 /* Images.xcassets */; };
		60B8259F18C86A840052C3D2 /* XCTest.framework in Frameworks */ = {isa = PBXBuildFile; fileRef = 60B8259E18C86A840052C3D2 /* XCTest.framework */; };
		60B825A018C86A840052C3D2 /* Foundation.framework in Frameworks */ = {isa = PBXBuildFile; fileRef = 60B8257F18C86A840052C3D2 /* Foundation.framework */; };
		60B825A118C86A840052C3D2 /* UIKit.framework in Frameworks */ = {isa = PBXBuildFile; fileRef = 60B8258318C86A840052C3D2 /* UIKit.framework */; };
		60B825A918C86A840052C3D2 /* InfoPlist.strings in Resources */ = {isa = PBXBuildFile; fileRef = 60B825A718C86A840052C3D2 /* InfoPlist.strings */; };
		60B825AB18C86A840052C3D2 /* TapCirclesTests.m in Sources */ = {isa = PBXBuildFile; fileRef = 60B825AA18C86A840052C3D2 /* TapCirclesTests.m */; };
/* End PBXBuildFile section */

/* Begin PBXContainerItemProxy section */
		60B825A218C86A840052C3D2 /* PBXContainerItemProxy */ = {
			isa = PBXContainerItemProxy;
			containerPortal = 60B8257418C86A840052C3D2 /* Project object */;
			proxyType = 1;
			remoteGlobalIDString = 60B8257B18C86A840052C3D2;
			remoteInfo = TapCircles;
		};
/* End PBXContainerItemProxy section */

/* Begin PBXFileReference section */
		60B8257C18C86A840052C3D2 /* TapCircles.app */ = {isa = PBXFileReference; explicitFileType = wrapper.application; includeInIndex = 0; path = TapCircles.app; sourceTree = BUILT_PRODUCTS_DIR; };
		60B8257F18C86A840052C3D2 /* Foundation.framework */ = {isa = PBXFileReference; lastKnownFileType = wrapper.framework; name = Foundation.framework; path = System/Library/Frameworks/Foundation.framework; sourceTree = SDKROOT; };
		60B8258118C86A840052C3D2 /* CoreGraphics.framework */ = {isa = PBXFileReference; lastKnownFileType = wrapper.framework; name = CoreGraphics.framework; path = System/Library/Frameworks/CoreGraphics.framework; sourceTree = SDKROOT; };
		60B8258318C86A840052C3D2 /* UIKit.framework */ = {isa = PBXFileReference; lastKnownFileType = wrapper.framework; name = UIKit.framework; path = System/Library/Frameworks/UIKit.framework; sourceTree = SDKROOT; };
		60B8258718C86A840052C3D2 /* TapCircles-Info.plist */ = {isa = PBXFileReference; lastKnownFileType = text.plist.xml; path = "TapCircles-Info.plist"; sourceTree = "<group>"; };
		60B8258918C86A840052C3D2 /* en */ = {isa = PBXFileReference; lastKnownFileType = text.plist.strings; name = en; path = en.lproj/InfoPlist.strings; sourceTree = "<group>"; };
		60B8258B18C86A840052C3D2 /* main.m */ = {isa = PBXFileReference; lastKnownFileType = sourcecode.c.objc; path = main.m; sourceTree = "<group>"; };
		60B8258D18C86A840052C3D2 /* TapCircles-Prefix.pch */ = {isa = PBXFileReference; lastKnownFileType = sourcecode.c.h; path = "TapCircles-Prefix.pch"; sourceTree = "<group>"; };
		60B8258E18C86A840052C3D2 /* PNKAppDelegate.h */ = {isa = PBXFileReference; lastKnownFileType = sourcecode.c.h; path = PNKAppDelegate.h; sourceTree = "<group>"; };
		60B8258F18C86A840052C3D2 /* PNKAppDelegate.m */ = {isa = PBXFileReference; lastKnownFileType = sourcecode.c.objc; path = PNKAppDelegate.m; sourceTree = "<group>"; };
		60B8259218C86A840052C3D2 /* Base */ = {isa = PBXFileReference; lastKnownFileType = file.storyboard; name = Base; path = Base.lproj/Main.storyboard; sourceTree = "<group>"; };
		60B8259418C86A840052C3D2 /* PNKViewController.h */ = {isa = PBXFileReference; lastKnownFileType = sourcecode.c.h; path = PNKViewController.h; sourceTree = "<group>"; };
		60B8259518C86A840052C3D2 /* PNKViewController.m */ = {isa = PBXFileReference; lastKnownFileType = sourcecode.c.objc; path = PNKViewController.m; sourceTree = "<group>"; };
		60B8259718C86A840052C3D2 /* Images.xcassets */ = {isa = PBXFileReference; lastKnownFileType = folder.assetcatalog; path = Images.xcassets; sourceTree = "<group>"; };
		60B8259D18C86A840052C3D2 /* TapCirclesTests.xctest */ = {isa = PBXFileReference; explicitFileType = wrapper.cfbundle; includeInIndex = 0; path = TapCirclesTests.xctest; sourceTree = BUILT_PRODUCTS_DIR; };
		60B8259E18C86A840052C3D2 /* XCTest.framework */ = {isa = PBXFileReference; lastKnownFileType = wrapper.framework; name = XCTest.framework; path = Library/Frameworks/XCTest.framework; sourceTree = DEVELOPER_DIR; };
		60B825A618C86A840052C3D2 /* TapCirclesTests-Info.plist */ = {isa = PBXFileReference; lastKnownFileType = text.plist.xml; path = "TapCirclesTests-Info.plist"; sourceTree = "<group>"; };
		60B825A818C86A840052C3D2 /* en */ = {isa = PBXFileReference; lastKnownFileType = text.plist.strings; name = en; path = en.lproj/InfoPlist.strings; sourceTree = "<group>"; };
		60B825AA18C86A840052C3D2 /* TapCirclesTests.m */ = {isa = PBXFileReference; lastKnownFileType = sourcecode.c.objc; path = TapCirclesTests.m; sourceTree = "<group>"; };
/* End PBXFileReference section */

/* Begin PBXFrameworksBuildPhase section */
		60B8257918C86A840052C3D2 /* Frameworks */ = {
			isa = PBXFrameworksBuildPhase;
			buildActionMask = 2147483647;
			files = (
				60B8258218C86A840052C3D2 /* CoreGraphics.framework in Frameworks */,
				60B8258418C86A840052C3D2 /* UIKit.framework in Frameworks */,
				60B8258018C86A840052C3D2 /* Foundation.framework in Frameworks */,
			);
			runOnlyForDeploymentPostprocessing = 0;
		};
		60B8259A18C86A840052C3D2 /* Frameworks */ = {
			isa = PBXFrameworksBuildPhase;
			buildActionMask = 2147483647;
			files = (
				60B8259F18C86A840052C3D2 /* XCTest.framework in Frameworks */,
				60B825A118C86A840052C3D2 /* UIKit.framework in Frameworks */,
				60B825A018C86A840052C3D2 /* Foundation.framework in Frameworks */,
			);
			runOnlyForDeploymentPostprocessing = 0;
		};
/* End PBXFrameworksBuildPhase section */

/* Begin PBXGroup section */
		60B8257318C86A840052C3D2 = {
			isa = PBXGroup;
			children = (
				60B8258518C86A840052C3D2 /* TapCircles */,
				60B825A418C86A840052C3D2 /* TapCirclesTests */,
				60B8257E18C86A840052C3D2 /* Frameworks */,
				60B8257D18C86A840052C3D2 /* Products */,
			);
			sourceTree = "<group>";
		};
		60B8257D18C86A840052C3D2 /* Products */ = {
			isa = PBXGroup;
			children = (
				60B8257C18C86A840052C3D2 /* TapCircles.app */,
				60B8259D18C86A840052C3D2 /* TapCirclesTests.xctest */,
			);
			name = Products;
			sourceTree = "<group>";
		};
		60B8257E18C86A840052C3D2 /* Frameworks */ = {
			isa = PBXGroup;
			children = (
				60B8257F18C86A840052C3D2 /* Foundation.framework */,
				60B8258118C86A840052C3D2 /* CoreGraphics.framework */,
				60B8258318C86A840052C3D2 /* UIKit.framework */,
				60B8259E18C86A840052C3D2 /* XCTest.framework */,
			);
			name = Frameworks;
			sourceTree = "<group>";
		};
		60B8258518C86A840052C3D2 /* TapCircles */ = {
			isa = PBXGroup;
			children = (
				60B8258E18C86A840052C3D2 /* PNKAppDelegate.h */,
				60B8258F18C86A840052C3D2 /* PNKAppDelegate.m */,
				60B8259118C86A840052C3D2 /* Main.storyboard */,
				60B8259418C86A840052C3D2 /* PNKViewController.h */,
				60B8259518C86A840052C3D2 /* PNKViewController.m */,
				60B8259718C86A840052C3D2 /* Images.xcassets */,
				60B8258618C86A840052C3D2 /* Supporting Files */,
			);
			path = TapCircles;
			sourceTree = "<group>";
		};
		60B8258618C86A840052C3D2 /* Supporting Files */ = {
			isa = PBXGroup;
			children = (
				60B8258718C86A840052C3D2 /* TapCircles-Info.plist */,
				60B8258818C86A840052C3D2 /* InfoPlist.strings */,
				60B8258B18C86A840052C3D2 /* main.m */,
				60B8258D18C86A840052C3D2 /* TapCircles-Prefix.pch */,
			);
			name = "Supporting Files";
			sourceTree = "<group>";
		};
		60B825A418C86A840052C3D2 /* TapCirclesTests */ = {
			isa = PBXGroup;
			children = (
				60B825AA18C86A840052C3D2 /* TapCirclesTests.m */,
				60B825A518C86A840052C3D2 /* Supporting Files */,
			);
			path = TapCirclesTests;
			sourceTree = "<group>";
		};
		60B825A518C86A840052C3D2 /* Supporting Files */ = {
			isa = PBXGroup;
			children = (
				60B825A618C86A840052C3D2 /* TapCirclesTests-Info.plist */,
				60B825A718C86A840052C3D2 /* InfoPlist.strings */,
			);
			name = "Supporting Files";
			sourceTree = "<group>";
		};
/* End PBXGroup section */

/* Begin PBXNativeTarget section */
		60B8257B18C86A840052C3D2 /* TapCircles */ = {
			isa = PBXNativeTarget;
			buildConfigurationList = 60B825AE18C86A840052C3D2 /* Build configuration list for PBXNativeTarget "TapCircles" */;
			buildPhases = (
				60B8257818C86A840052C3D2 /* Sources */,
				60B8257918C86A840052C3D2 /* Frameworks */,
				60B8257A18C86A840052C3D2 /* Resources */,
			);
			buildRules = (
			);
			dependencies = (
			);
			name = TapCircles;
			productName = TapCircles;
			productReference = 60B8257C18C86A840052C3D2 /* TapCircles.app */;
			productType = "com.apple.product-type.application";
		};
		60B8259C18C86A840052C3D2 /* TapCirclesTests */ = {
			isa = PBXNativeTarget;
			buildConfigurationList = 60B825B118C86A840052C3D2 /* Build configuration list for PBXNativeTarget "TapCirclesTests" */;
			buildPhases = (
				60B8259918C86A840052C3D2 /* Sources */,
				60B8259A18C86A840052C3D2 /* Frameworks */,
				60B8259B18C86A840052C3D2 /* Resources */,
			);
			buildRules = (
			);
			dependencies = (
				60B825A318C86A840052C3D2 /* PBXTargetDependency */,
			);
			name = TapCirclesTests;
			productName = TapCirclesTests;
			productReference = 60B8259D18C86A840052C3D2 /* TapCirclesTests.xctest */;
			productType = "com.apple.product-type.bundle.unit-test";
		};
/* End PBXNativeTarget section */

/* Begin PBXProject section */
		60B8257418C86A840052C3D2 /* Project object */ = {
			isa = PBXProject;
			attributes = {
				CLASSPREFIX = PNK;
				LastUpgradeCheck = 0500;
				ORGANIZATIONNAME = "Pink Hop";
				TargetAttributes = {
					60B8259C18C86A840052C3D2 = {
						TestTargetID = 60B8257B18C86A840052C3D2;
					};
				};
			};
			buildConfigurationList = 60B8257718C86A840052C3D2 /* Build configuration list for PBXProject "TapCircles" */;
			compatibilityVersion = "Xcode 3.2";
			developmentRegion = English;
			hasScannedForEncodings = 0;
			knownRegions = (
				en,
				Base,
			);
			mainGroup = 60B8257318C86A840052C3D2;
			productRefGroup = 60B8257D18C86A840052C3D2 /* Products */;
			projectDirPath = "";
			projectRoot = "";
			targets = (
				60B8257B18C86A840052C3D2 /* TapCircles */,
				60B8259C18C86A840052C3D2 /* TapCirclesTests */,
			);
		};
/* End PBXProject section */

/* Begin PBXResourcesBuildPhase section */
		60B8257A18C86A840052C3D2 /* Resources */ = {
			isa = PBXResourcesBuildPhase;
			buildActionMask = 2147483647;
			files = (
				60B8259818C86A840052C3D2 /* Images.xcassets in Resources */,
				60B8258A18C86A840052C3D2 /* InfoPlist.strings in Resources */,
				60B8259318C86A840052C3D2 /* Main.storyboard in Resources */,
			);
			runOnlyForDeploymentPostprocessing = 0;
		};
		60B8259B18C86A840052C3D2 /* Resources */ = {
			isa = PBXResourcesBuildPhase;
			buildActionMask = 2147483647;
			files = (
				60B825A918C86A840052C3D2 /* InfoPlist.strings in Resources */,
			);
			runOnlyForDeploymentPostprocessing = 0;
		};
/* End PBXResourcesBuildPhase section */

/* Begin PBXSourcesBuildPhase section */
		60B8257818C86A840052C3D2 /* Sources */ = {
			isa = PBXSourcesBuildPhase;
			buildActionMask = 2147483647;
			files = (
				60B8259018C86A840052C3D2 /* PNKAppDelegate.m in Sources */,
				60B8259618C86A840052C3D2 /* PNKViewController.m in Sources */,
				60B8258C18C86A840052C3D2 /* main.m in Sources */,
			);
			runOnlyForDeploymentPostprocessing = 0;
		};
		60B8259918C86A840052C3D2 /* Sources */ = {
			isa = PBXSourcesBuildPhase;
			buildActionMask = 2147483647;
			files = (
				60B825AB18C86A840052C3D2 /* TapCirclesTests.m in Sources */,
			);
			runOnlyForDeploymentPostprocessing = 0;
		};
/* End PBXSourcesBuildPhase section */

/* Begin PBXTargetDependency section */
		60B825A318C86A840052C3D2 /* PBXTargetDependency */ = {
			isa = PBXTargetDependency;
			target = 60B8257B18C86A840052C3D2 /* TapCircles */;
			targetProxy = 60B825A218C86A840052C3D2 /* PBXContainerItemProxy */;
		};
/* End PBXTargetDependency section */

/* Begin PBXVariantGroup section */
		60B8258818C86A840052C3D2 /* InfoPlist.strings */ = {
			isa = PBXVariantGroup;
			children = (
				60B8258918C86A840052C3D2 /* en */,
			);
			name = InfoPlist.strings;
			sourceTree = "<group>";
		};
		60B8259118C86A840052C3D2 /* Main.storyboard */ = {
			isa = PBXVariantGroup;
			children = (
				60B8259218C86A840052C3D2 /* Base */,
			);
			name = Main.storyboard;
			sourceTree = "<group>";
		};
		60B825A718C86A840052C3D2 /* InfoPlist.strings */ = {
			isa = PBXVariantGroup;
			children = (
				60B825A818C86A840052C3D2 /* en */,
			);
			name = InfoPlist.strings;
			sourceTree = "<group>";
		};
/* End PBXVariantGroup section */

/* Begin XCBuildConfiguration section */
		60B825AC18C86A840052C3D2 /* Debug */ = {
			isa = XCBuildConfiguration;
			buildSettings = {
				ALWAYS_SEARCH_USER_PATHS = NO;
				ARCHS = "$(ARCHS_STANDARD_INCLUDING_64_BIT)";
				CLANG_CXX_LANGUAGE_STANDARD = "gnu++0x";
				CLANG_CXX_LIBRARY = "libc++";
				CLANG_ENABLE_MODULES = YES;
				CLANG_ENABLE_OBJC_ARC = YES;
				CLANG_WARN_BOOL_CONVERSION = YES;
				CLANG_WARN_CONSTANT_CONVERSION = YES;
				CLANG_WARN_DIRECT_OBJC_ISA_USAGE = YES_ERROR;
				CLANG_WARN_EMPTY_BODY = YES;
				CLANG_WARN_ENUM_CONVERSION = YES;
				CLANG_WARN_INT_CONVERSION = YES;
				CLANG_WARN_OBJC_ROOT_CLASS = YES_ERROR;
				CLANG_WARN__DUPLICATE_METHOD_MATCH = YES;
				"CODE_SIGN_IDENTITY[sdk=iphoneos*]" = "iPhone Developer";
				COPY_PHASE_STRIP = NO;
				GCC_C_LANGUAGE_STANDARD = gnu99;
				GCC_DYNAMIC_NO_PIC = NO;
				GCC_OPTIMIZATION_LEVEL = 0;
				GCC_PREPROCESSOR_DEFINITIONS = (
					"DEBUG=1",
					"$(inherited)",
				);
				GCC_SYMBOLS_PRIVATE_EXTERN = NO;
				GCC_WARN_64_TO_32_BIT_CONVERSION = YES;
				GCC_WARN_ABOUT_RETURN_TYPE = YES_ERROR;
				GCC_WARN_UNDECLARED_SELECTOR = YES;
				GCC_WARN_UNINITIALIZED_AUTOS = YES;
				GCC_WARN_UNUSED_FUNCTION = YES;
				GCC_WARN_UNUSED_VARIABLE = YES;
				IPHONEOS_DEPLOYMENT_TARGET = 7.0;
				ONLY_ACTIVE_ARCH = YES;
				SDKROOT = iphoneos;
			};
			name = Debug;
		};
		60B825AD18C86A840052C3D2 /* Release */ = {
			isa = XCBuildConfiguration;
			buildSettings = {
				ALWAYS_SEARCH_USER_PATHS = NO;
				ARCHS = "$(ARCHS_STANDARD_INCLUDING_64_BIT)";
				CLANG_CXX_LANGUAGE_STANDARD = "gnu++0x";
				CLANG_CXX_LIBRARY = "libc++";
				CLANG_ENABLE_MODULES = YES;
				CLANG_ENABLE_OBJC_ARC = YES;
				CLANG_WARN_BOOL_CONVERSION = YES;
				CLANG_WARN_CONSTANT_CONVERSION = YES;
				CLANG_WARN_DIRECT_OBJC_ISA_USAGE = YES_ERROR;
				CLANG_WARN_EMPTY_BODY = YES;
				CLANG_WARN_ENUM_CONVERSION = YES;
				CLANG_WARN_INT_CONVERSION = YES;
				CLANG_WARN_OBJC_ROOT_CLASS = YES_ERROR;
				CLANG_WARN__DUPLICATE_METHOD_MATCH = YES;
				"CODE_SIGN_IDENTITY[sdk=iphoneos*]" = "iPhone Developer";
				COPY_PHASE_STRIP = YES;
				ENABLE_NS_ASSERTIONS = NO;
				GCC_C_LANGUAGE_STANDARD = gnu99;
				GCC_WARN_64_TO_32_BIT_CONVERSION = YES;
				GCC_WARN_ABOUT_RETURN_TYPE = YES_ERROR;
				GCC_WARN_UNDECLARED_SELECTOR = YES;
				GCC_WARN_UNINITIALIZED_AUTOS = YES;
				GCC_WARN_UNUSED_FUNCTION = YES;
				GCC_WARN_UNUSED_VARIABLE = YES;
				IPHONEOS_DEPLOYMENT_TARGET = 7.0;
				SDKROOT = iphoneos;
				VALIDATE_PRODUCT = YES;
			};
			name = Release;
		};
		60B825AF18C86A840052C3D2 /* Debug */ = {
			isa = XCBuildConfiguration;
			buildSettings = {
				ASSETCATALOG_COMPILER_APPICON_NAME = AppIcon;
				ASSETCATALOG_COMPILER_LAUNCHIMAGE_NAME = LaunchImage;
				GCC_PRECOMPILE_PREFIX_HEADER = YES;
				GCC_PREFIX_HEADER = "TapCircles/TapCircles-Prefix.pch";
				INFOPLIST_FILE = "TapCircles/TapCircles-Info.plist";
				PRODUCT_NAME = "$(TARGET_NAME)";
				WRAPPER_EXTENSION = app;
			};
			name = Debug;
		};
		60B825B018C86A840052C3D2 /* Release */ = {
			isa = XCBuildConfiguration;
			buildSettings = {
				ASSETCATALOG_COMPILER_APPICON_NAME = AppIcon;
				ASSETCATALOG_COMPILER_LAUNCHIMAGE_NAME = LaunchImage;
				GCC_PRECOMPILE_PREFIX_HEADER = YES;
				GCC_PREFIX_HEADER = "TapCircles/TapCircles-Prefix.pch";
				INFOPLIST_FILE = "TapCircles/TapCircles-Info.plist";
				PRODUCT_NAME = "$(TARGET_NAME)";
				WRAPPER_EXTENSION = app;
			};
			name = Release;
		};
		60B825B218C86A840052C3D2 /* Debug */ = {
			isa = XCBuildConfiguration;
			buildSettings = {
				ARCHS = "$(ARCHS_STANDARD_INCLUDING_64_BIT)";
				BUNDLE_LOADER = "$(BUILT_PRODUCTS_DIR)/TapCircles.app/TapCircles";
				FRAMEWORK_SEARCH_PATHS = (
					"$(SDKROOT)/Developer/Library/Frameworks",
					"$(inherited)",
					"$(DEVELOPER_FRAMEWORKS_DIR)",
				);
				GCC_PRECOMPILE_PREFIX_HEADER = YES;
				GCC_PREFIX_HEADER = "TapCircles/TapCircles-Prefix.pch";
				GCC_PREPROCESSOR_DEFINITIONS = (
					"DEBUG=1",
					"$(inherited)",
				);
				INFOPLIST_FILE = "TapCirclesTests/TapCirclesTests-Info.plist";
				PRODUCT_NAME = "$(TARGET_NAME)";
				TEST_HOST = "$(BUNDLE_LOADER)";
				WRAPPER_EXTENSION = xctest;
			};
			name = Debug;
		};
		60B825B318C86A840052C3D2 /* Release */ = {
			isa = XCBuildConfiguration;
			buildSettings = {
				ARCHS = "$(ARCHS_STANDARD_INCLUDING_64_BIT)";
				BUNDLE_LOADER = "$(BUILT_PRODUCTS_DIR)/TapCircles.app/TapCircles";
				FRAMEWORK_SEARCH_PATHS = (
					"$(SDKROOT)/Developer/Library/Frameworks",
					"$(inherited)",
					"$(DEVELOPER_FRAMEWORKS_DIR)",
				);
				GCC_PRECOMPILE_PREFIX_HEADER = YES;
				GCC_PREFIX_HEADER = "TapCircles/TapCircles-Prefix.pch";
				INFOPLIST_FILE = "TapCirclesTests/TapCirclesTests-Info.plist";
				PRODUCT_NAME = "$(TARGET_NAME)";
				TEST_HOST = "$(BUNDLE_LOADER)";
				WRAPPER_EXTENSION = xctest;
			};
			name = Release;
		};
/* End XCBuildConfiguration section */

/* Begin XCConfigurationList section */
		60B8257718C86A840052C3D2 /* Build configuration list for PBXProject "TapCircles" */ = {
			isa = XCConfigurationList;
			buildConfigurations = (
				60B825AC18C86A840052C3D2 /* Debug */,
				60B825AD18C86A840052C3D2 /* Release */,
			);
			defaultConfigurationIsVisible = 0;
			defaultConfigurationName = Release;
		};
		60B825AE18C86A840052C3D2 /* Build configuration list for PBXNativeTarget "TapCircles" */ = {
			isa = XCConfigurationList;
			buildConfigurations = (
				60B825AF18C86A840052C3D2 /* Debug */,
				60B825B018C86A840052C3D2 /* Release */,
			);
			defaultConfigurationIsVisible = 0;
		};
		60B825B118C86A840052C3D2 /* Build configuration list for PBXNativeTarget "TapCirclesTests" */ = {
			isa = XCConfigurationList;
			buildConfigurations = (
				60B825B218C86A840052C3D2 /* Debug */,
				60B825B318C86A840052C3D2 /* Release */,
			);
			defaultConfigurationIsVisible = 0;
		};
/* End XCConfigurationList section */
	};
	rootObject = 60B8257418C86A840052C3D2 /* Project object */;
}
